
Microsoft Visual Studio Solution File, Format Version 12.00
# Visual Studio Version 16
VisualStudioVersion = 16.0.30320.27
MinimumVisualStudioVersion = 10.0.40219.1
Project("{9A19103F-16F7-4668-BE54-9A1E7A4F7556}") = "PlannerApp.Client", "PlannerApp.Client\PlannerApp.Client.csproj", "{0E487A6F-5056-4540-B27C-84F5C29FB1A0}"
EndProject
Project("{9A19103F-16F7-4668-BE54-9A1E7A4F7556}") = "PlannerApp.Shared", "PlannerApp.Shared\PlannerApp.Shared.csproj", "{07BDFED2-1E90-496C-873D-2B6A8B6A4928}"
EndProject
Global
	GlobalSection(SolutionConfigurationPlatforms) = preSolution
		Debug|Any CPU = Debug|Any CPU
		Release|Any CPU = Release|Any CPU
	EndGlobalSection
	GlobalSection(ProjectConfigurationPlatforms) = postSolution
		{0E487A6F-5056-4540-B27C-84F5C29FB1A0}.Debug|Any CPU.ActiveCfg = Debug|Any CPU
		{0E487A6F-5056-4540-B27C-84F5C29FB1A0}.Debug|Any CPU.Build.0 = Debug|Any CPU
		{0E487A6F-5056-4540-B27C-84F5C29FB1A0}.Release|Any CPU.ActiveCfg = Release|Any CPU
		{0E487A6F-5056-4540-B27C-84F5C29FB1A0}.Release|Any CPU.Build.0 = Release|Any CPU
		{07BDFED2-1E90-496C-873D-2B6A8B6A4928}.Debug|Any CPU.ActiveCfg = Debug|Any CPU
		{07BDFED2-1E90-496C-873D-2B6A8B6A4928}.Debug|Any CPU.Build.0 = Debug|Any CPU
		{07BDFED2-1E90-496C-873D-2B6A8B6A4928}.Release|Any CPU.ActiveCfg = Release|Any CPU
		{07BDFED2-1E90-496C-873D-2B6A8B6A4928}.Release|Any CPU.Build.0 = Release|Any CPU
	EndGlobalSection
	GlobalSection(SolutionProperties) = preSolution
		HideSolutionNode = FALSE
	EndGlobalSection
	GlobalSection(ExtensibilityGlobals) = postSolution
		SolutionGuid = {DA52E61F-9C8C-4C16-8A21-0D2D2815254E}
	EndGlobalSection
EndGlobal
